
Microsoft Visual Studio Solution File, Format Version 12.00
# Visual Studio 2012
Project("{FAE04EC0-301F-11D3-BF4B-00C04F79EFBC}") = "NugetExplorer", "NugetExplorer.csproj", "{98A59A0E-7B5F-4E85-BF5B-D3CFE88257A0}"
EndProject
Project("{2150E333-8FDC-42A3-9474-1A3956D46DE8}") = ".nuget", ".nuget", "{437E4320-351F-42A1-8BBB-48264D8F1013}"
	ProjectSection(SolutionItems) = preProject
		.nuget\NuGet.Config = .nuget\NuGet.Config
		.nuget\NuGet.exe = .nuget\NuGet.exe
		.nuget\NuGet.targets = .nuget\NuGet.targets
		.nuget\packages.config = .nuget\packages.config
	EndProjectSection
EndProject
Global
	GlobalSection(SolutionConfigurationPlatforms) = preSolution
		Debug|Any CPU = Debug|Any CPU
		Release|Any CPU = Release|Any CPU
	EndGlobalSection
	GlobalSection(ProjectConfigurationPlatforms) = postSolution
		{98A59A0E-7B5F-4E85-BF5B-D3CFE88257A0}.Debug|Any CPU.ActiveCfg = Debug|Any CPU
		{98A59A0E-7B5F-4E85-BF5B-D3CFE88257A0}.Debug|Any CPU.Build.0 = Debug|Any CPU
		{98A59A0E-7B5F-4E85-BF5B-D3CFE88257A0}.Release|Any CPU.ActiveCfg = Release|Any CPU
		{98A59A0E-7B5F-4E85-BF5B-D3CFE88257A0}.Release|Any CPU.Build.0 = Release|Any CPU
	EndGlobalSection
	GlobalSection(SolutionProperties) = preSolution
		HideSolutionNode = FALSE
	EndGlobalSection
EndGlobal
